
Microsoft Visual Studio Solution File, Format Version 12.00
# Visual Studio Version 17
VisualStudioVersion = 17.5.33502.453
MinimumVisualStudioVersion = 10.0.40219.1
Project("{FAE04EC0-301F-11D3-BF4B-00C04F79EFBC}") = "rapid api taobao patches", "rapid api taobao patches\rapid api taobao patches.csproj", "{7843F627-3281-4A37-882B-849BBD1AB9C9}"
EndProject
Global
	GlobalSection(SolutionConfigurationPlatforms) = preSolution
		Debug|Any CPU = Debug|Any CPU
		Release|Any CPU = Release|Any CPU
	EndGlobalSection
	GlobalSection(ProjectConfigurationPlatforms) = postSolution
		{7843F627-3281-4A37-882B-849BBD1AB9C9}.Debug|Any CPU.ActiveCfg = Debug|Any CPU
		{7843F627-3281-4A37-882B-849BBD1AB9C9}.Debug|Any CPU.Build.0 = Debug|Any CPU
		{7843F627-3281-4A37-882B-849BBD1AB9C9}.Release|Any CPU.ActiveCfg = Release|Any CPU
		{7843F627-3281-4A37-882B-849BBD1AB9C9}.Release|Any CPU.Build.0 = Release|Any CPU
	EndGlobalSection
	GlobalSection(SolutionProperties) = preSolution
		HideSolutionNode = FALSE
	EndGlobalSection
	GlobalSection(ExtensibilityGlobals) = postSolution
		SolutionGuid = {90059772-DBC1-4A5A-B964-A370700E0FDD}
	EndGlobalSection
EndGlobal
